
Microsoft Visual Studio Solution File, Format Version 12.00
# Visual Studio Version 17
VisualStudioVersion = 17.6.33829.357
MinimumVisualStudioVersion = 10.0.40219.1
Project("{FAE04EC0-301F-11D3-BF4B-00C04F79EFBC}") = "ASPDemo", "ASPDemo\ASPDemo.csproj", "{61695343-279F-43DB-AA4B-35C68D377146}"
EndProject
Project("{FAE04EC0-301F-11D3-BF4B-00C04F79EFBC}") = "PersonAPI", "PersonAPI\PersonAPI.csproj", "{0D1D6BD2-2A14-4009-BB24-DAACB4865ADF}"
EndProject
Global
	GlobalSection(SolutionConfigurationPlatforms) = preSolution
		Debug|Any CPU = Debug|Any CPU
		Release|Any CPU = Release|Any CPU
	EndGlobalSection
	GlobalSection(ProjectConfigurationPlatforms) = postSolution
		{61695343-279F-43DB-AA4B-35C68D377146}.Debug|Any CPU.ActiveCfg = Debug|Any CPU
		{61695343-279F-43DB-AA4B-35C68D377146}.Debug|Any CPU.Build.0 = Debug|Any CPU
		{61695343-279F-43DB-AA4B-35C68D377146}.Release|Any CPU.ActiveCfg = Release|Any CPU
		{61695343-279F-43DB-AA4B-35C68D377146}.Release|Any CPU.Build.0 = Release|Any CPU
		{0D1D6BD2-2A14-4009-BB24-DAACB4865ADF}.Debug|Any CPU.ActiveCfg = Debug|Any CPU
		{0D1D6BD2-2A14-4009-BB24-DAACB4865ADF}.Debug|Any CPU.Build.0 = Debug|Any CPU
		{0D1D6BD2-2A14-4009-BB24-DAACB4865ADF}.Release|Any CPU.ActiveCfg = Release|Any CPU
		{0D1D6BD2-2A14-4009-BB24-DAACB4865ADF}.Release|Any CPU.Build.0 = Release|Any CPU
	EndGlobalSection
	GlobalSection(SolutionProperties) = preSolution
		HideSolutionNode = FALSE
	EndGlobalSection
	GlobalSection(ExtensibilityGlobals) = postSolution
		SolutionGuid = {A0E0CFF6-7F64-4517-8E39-2068649B4277}
	EndGlobalSection
EndGlobal
